
Microsoft Visual Studio Solution File, Format Version 12.00
# Visual Studio Version 16
VisualStudioVersion = 16.0.31229.75
MinimumVisualStudioVersion = 10.0.40219.1
Project("{9A19103F-16F7-4668-BE54-9A1E7A4F7556}") = "Source", "Source\Source.csproj", "{47FC816B-615C-4FD1-8B49-6CA4E73BF828}"
EndProject
Project("{9A19103F-16F7-4668-BE54-9A1E7A4F7556}") = "MiniAnalyzer", "MiniAnalyzer\MiniAnalyzer.csproj", "{C5B10999-92FF-4F20-BFAC-F0C7D86AD29C}"
EndProject
Global
	GlobalSection(SolutionConfigurationPlatforms) = preSolution
		Debug|Any CPU = Debug|Any CPU
		Release|Any CPU = Release|Any CPU
	EndGlobalSection
	GlobalSection(ProjectConfigurationPlatforms) = postSolution
		{47FC816B-615C-4FD1-8B49-6CA4E73BF828}.Debug|Any CPU.ActiveCfg = Debug|Any CPU
		{47FC816B-615C-4FD1-8B49-6CA4E73BF828}.Debug|Any CPU.Build.0 = Debug|Any CPU
		{47FC816B-615C-4FD1-8B49-6CA4E73BF828}.Release|Any CPU.ActiveCfg = Release|Any CPU
		{47FC816B-615C-4FD1-8B49-6CA4E73BF828}.Release|Any CPU.Build.0 = Release|Any CPU
		{C5B10999-92FF-4F20-BFAC-F0C7D86AD29C}.Debug|Any CPU.ActiveCfg = Debug|Any CPU
		{C5B10999-92FF-4F20-BFAC-F0C7D86AD29C}.Debug|Any CPU.Build.0 = Debug|Any CPU
		{C5B10999-92FF-4F20-BFAC-F0C7D86AD29C}.Release|Any CPU.ActiveCfg = Release|Any CPU
		{C5B10999-92FF-4F20-BFAC-F0C7D86AD29C}.Release|Any CPU.Build.0 = Release|Any CPU
	EndGlobalSection
	GlobalSection(SolutionProperties) = preSolution
		HideSolutionNode = FALSE
	EndGlobalSection
	GlobalSection(ExtensibilityGlobals) = postSolution
		SolutionGuid = {CC3DAAF6-3E4E-40DB-B2CB-B765488CBCC9}
	EndGlobalSection
EndGlobal
